
Microsoft Visual Studio Solution File, Format Version 12.00
# Visual Studio Version 16
VisualStudioVersion = 16.0.30011.22
MinimumVisualStudioVersion = 10.0.40219.1
Project("{2150E333-8FDC-42A3-9474-1A3956D46DE8}") = "src", "src", "{9C4B9919-76E3-46B1-870B-24231CC95416}"
EndProject
Project("{2150E333-8FDC-42A3-9474-1A3956D46DE8}") = "tests", "tests", "{AE447B40-EC89-432D-98DE-866A13636269}"
EndProject
Project("{9A19103F-16F7-4668-BE54-9A1E7A4F7556}") = "Alten.Career", "src\Alten.Career\Alten.Career.csproj", "{663A329F-708C-4E5C-9454-70C0618D2DC3}"
EndProject
Project("{9A19103F-16F7-4668-BE54-9A1E7A4F7556}") = "Alten.Jama", "src\Alten.Jama\Alten.Jama.csproj", "{BE052547-42AD-4E61-9BC6-58F153A853A9}"
EndProject
Project("{9A19103F-16F7-4668-BE54-9A1E7A4F7556}") = "Alten.Jama.RestSharp", "src\Alten.Jama.RestSharp\Alten.Jama.RestSharp.csproj", "{B1F99F67-62A7-44F0-BF92-05866E48DE14}"
EndProject
Project("{9A19103F-16F7-4668-BE54-9A1E7A4F7556}") = "Alten.Career.Tests", "tests\Alten.Career.Tests\Alten.Career.Tests.csproj", "{CE95AAC1-79E8-4199-8C1F-86579FFD7186}"
EndProject
Project("{2150E333-8FDC-42A3-9474-1A3956D46DE8}") = "Solution Items", "Solution Items", "{F6BAC307-2654-43A3-BB6E-5930B2BFE3DC}"
	ProjectSection(SolutionItems) = preProject
		.editorconfig = .editorconfig
		.gitignore = .gitignore
		LICENSE.md = LICENSE.md
		README.md = README.md
	EndProjectSection
EndProject
Project("{9A19103F-16F7-4668-BE54-9A1E7A4F7556}") = "Alten.Tests", "tests\Alten.Tests\Alten.Tests.csproj", "{C5AB874B-07B1-43F4-8D02-F832F83F291E}"
EndProject
Global
	GlobalSection(SolutionConfigurationPlatforms) = preSolution
		Debug|Any CPU = Debug|Any CPU
		Release|Any CPU = Release|Any CPU
	EndGlobalSection
	GlobalSection(ProjectConfigurationPlatforms) = postSolution
		{663A329F-708C-4E5C-9454-70C0618D2DC3}.Debug|Any CPU.ActiveCfg = Debug|Any CPU
		{663A329F-708C-4E5C-9454-70C0618D2DC3}.Debug|Any CPU.Build.0 = Debug|Any CPU
		{663A329F-708C-4E5C-9454-70C0618D2DC3}.Release|Any CPU.ActiveCfg = Release|Any CPU
		{663A329F-708C-4E5C-9454-70C0618D2DC3}.Release|Any CPU.Build.0 = Release|Any CPU
		{BE052547-42AD-4E61-9BC6-58F153A853A9}.Debug|Any CPU.ActiveCfg = Debug|Any CPU
		{BE052547-42AD-4E61-9BC6-58F153A853A9}.Debug|Any CPU.Build.0 = Debug|Any CPU
		{BE052547-42AD-4E61-9BC6-58F153A853A9}.Release|Any CPU.ActiveCfg = Release|Any CPU
		{BE052547-42AD-4E61-9BC6-58F153A853A9}.Release|Any CPU.Build.0 = Release|Any CPU
		{B1F99F67-62A7-44F0-BF92-05866E48DE14}.Debug|Any CPU.ActiveCfg = Debug|Any CPU
		{B1F99F67-62A7-44F0-BF92-05866E48DE14}.Debug|Any CPU.Build.0 = Debug|Any CPU
		{B1F99F67-62A7-44F0-BF92-05866E48DE14}.Release|Any CPU.ActiveCfg = Release|Any CPU
		{B1F99F67-62A7-44F0-BF92-05866E48DE14}.Release|Any CPU.Build.0 = Release|Any CPU
		{CE95AAC1-79E8-4199-8C1F-86579FFD7186}.Debug|Any CPU.ActiveCfg = Debug|Any CPU
		{CE95AAC1-79E8-4199-8C1F-86579FFD7186}.Debug|Any CPU.Build.0 = Debug|Any CPU
		{CE95AAC1-79E8-4199-8C1F-86579FFD7186}.Release|Any CPU.ActiveCfg = Release|Any CPU
		{CE95AAC1-79E8-4199-8C1F-86579FFD7186}.Release|Any CPU.Build.0 = Release|Any CPU
		{C5AB874B-07B1-43F4-8D02-F832F83F291E}.Debug|Any CPU.ActiveCfg = Debug|Any CPU
		{C5AB874B-07B1-43F4-8D02-F832F83F291E}.Debug|Any CPU.Build.0 = Debug|Any CPU
		{C5AB874B-07B1-43F4-8D02-F832F83F291E}.Release|Any CPU.ActiveCfg = Release|Any CPU
		{C5AB874B-07B1-43F4-8D02-F832F83F291E}.Release|Any CPU.Build.0 = Release|Any CPU
	EndGlobalSection
	GlobalSection(SolutionProperties) = preSolution
		HideSolutionNode = FALSE
	EndGlobalSection
	GlobalSection(NestedProjects) = preSolution
		{663A329F-708C-4E5C-9454-70C0618D2DC3} = {9C4B9919-76E3-46B1-870B-24231CC95416}
		{BE052547-42AD-4E61-9BC6-58F153A853A9} = {9C4B9919-76E3-46B1-870B-24231CC95416}
		{B1F99F67-62A7-44F0-BF92-05866E48DE14} = {9C4B9919-76E3-46B1-870B-24231CC95416}
		{CE95AAC1-79E8-4199-8C1F-86579FFD7186} = {AE447B40-EC89-432D-98DE-866A13636269}
		{C5AB874B-07B1-43F4-8D02-F832F83F291E} = {AE447B40-EC89-432D-98DE-866A13636269}
	EndGlobalSection
	GlobalSection(ExtensibilityGlobals) = postSolution
		SolutionGuid = {E9227128-0E59-4ABC-BDBA-82C5FBAF7F81}
	EndGlobalSection
EndGlobal
